// !$*UTF8*$!
{
	archiveVersion = 1;
	classes = {
	};
	objectVersion = 46;
	objects = {

/* Begin PBXBuildFile section */
		F01F7CB41A89F11700CB42FE /* main.m in Sources */ = {isa = PBXBuildFile; fileRef = F01F7CB31A89F11700CB42FE /* main.m */; };
		F01F7CB71A89F11700CB42FE /* AppDelegate.m in Sources */ = {isa = PBXBuildFile; fileRef = F01F7CB61A89F11700CB42FE /* AppDelegate.m */; };
		F01F7CBF1A89F11700CB42FE /* Images.xcassets in Resources */ = {isa = PBXBuildFile; fileRef = F01F7CBE1A89F11700CB42FE /* Images.xcassets */; };
		F01F7CCE1A89F11700CB42FE /* YHPhotoDataTests.m in Sources */ = {isa = PBXBuildFile; fileRef = F01F7CCD1A89F11700CB42FE /* YHPhotoDataTests.m */; };
		F01F7CDA1A89FAFB00CB42FE /* PhotosViewController.m in Sources */ = {isa = PBXBuildFile; fileRef = F01F7CD91A89FAFB00CB42FE /* PhotosViewController.m */; };
		F01F7CDD1A8A112000CB42FE /* ArrayDataSource.m in Sources */ = {isa = PBXBuildFile; fileRef = F01F7CDC1A8A112000CB42FE /* ArrayDataSource.m */; };
		F0EA9DD21A8B022200C7CD79 /* Store.m in Sources */ = {isa = PBXBuildFile; fileRef = F0EA9DD11A8B022200C7CD79 /* Store.m */; };
		F0EA9DD41A8B02C600C7CD79 /* photodata.bin in Resources */ = {isa = PBXBuildFile; fileRef = F0EA9DD31A8B02C600C7CD79 /* photodata.bin */; };
		F0EA9DD71A8B0A2B00C7CD79 /* Photo.m in Sources */ = {isa = PBXBuildFile; fileRef = F0EA9DD61A8B0A2B00C7CD79 /* Photo.m */; };
		F0EA9DDA1A8B0AC400C7CD79 /* User.m in Sources */ = {isa = PBXBuildFile; fileRef = F0EA9DD91A8B0AC400C7CD79 /* User.m */; };
		F0F491A91A8C7FDB00A079BA /* PhotoCell.m in Sources */ = {isa = PBXBuildFile; fileRef = F0F491A81A8C7FDB00A079BA /* PhotoCell.m */; };
		F0F491AC1A8C825D00A079BA /* PhotoCell+ConfigureForPhoto.m in Sources */ = {isa = PBXBuildFile; fileRef = F0F491AB1A8C825D00A079BA /* PhotoCell+ConfigureForPhoto.m */; };
/* End PBXBuildFile section */

/* Begin PBXContainerItemProxy section */
		F01F7CC81A89F11700CB42FE /* PBXContainerItemProxy */ = {
			isa = PBXContainerItemProxy;
			containerPortal = F01F7CA61A89F11600CB42FE /* Project object */;
			proxyType = 1;
			remoteGlobalIDString = F01F7CAD1A89F11600CB42FE;
			remoteInfo = YHPhotoData;
		};
/* End PBXContainerItemProxy section */

/* Begin PBXFileReference section */
		F01F7CAE1A89F11600CB42FE /* YHPhotoData.app */ = {isa = PBXFileReference; explicitFileType = wrapper.application; includeInIndex = 0; path = YHPhotoData.app; sourceTree = BUILT_PRODUCTS_DIR; };
		F01F7CB21A89F11700CB42FE /* Info.plist */ = {isa = PBXFileReference; lastKnownFileType = text.plist.xml; path = Info.plist; sourceTree = "<group>"; };
		F01F7CB31A89F11700CB42FE /* main.m */ = {isa = PBXFileReference; lastKnownFileType = sourcecode.c.objc; path = main.m; sourceTree = "<group>"; };
		F01F7CB51A89F11700CB42FE /* AppDelegate.h */ = {isa = PBXFileReference; lastKnownFileType = sourcecode.c.h; path = AppDelegate.h; sourceTree = "<group>"; };
		F01F7CB61A89F11700CB42FE /* AppDelegate.m */ = {isa = PBXFileReference; lastKnownFileType = sourcecode.c.objc; path = AppDelegate.m; sourceTree = "<group>"; };
		F01F7CBE1A89F11700CB42FE /* Images.xcassets */ = {isa = PBXFileReference; lastKnownFileType = folder.assetcatalog; path = Images.xcassets; sourceTree = "<group>"; };
		F01F7CC71A89F11700CB42FE /* YHPhotoDataTests.xctest */ = {isa = PBXFileReference; explicitFileType = wrapper.cfbundle; includeInIndex = 0; path = YHPhotoDataTests.xctest; sourceTree = BUILT_PRODUCTS_DIR; };
		F01F7CCC1A89F11700CB42FE /* Info.plist */ = {isa = PBXFileReference; lastKnownFileType = text.plist.xml; path = Info.plist; sourceTree = "<group>"; };
		F01F7CCD1A89F11700CB42FE /* YHPhotoDataTests.m */ = {isa = PBXFileReference; lastKnownFileType = sourcecode.c.objc; path = YHPhotoDataTests.m; sourceTree = "<group>"; };
		F01F7CD81A89FAFB00CB42FE /* PhotosViewController.h */ = {isa = PBXFileReference; fileEncoding = 4; lastKnownFileType = sourcecode.c.h; path = PhotosViewController.h; sourceTree = "<group>"; };
		F01F7CD91A89FAFB00CB42FE /* PhotosViewController.m */ = {isa = PBXFileReference; fileEncoding = 4; lastKnownFileType = sourcecode.c.objc; path = PhotosViewController.m; sourceTree = "<group>"; };
		F01F7CDB1A8A112000CB42FE /* ArrayDataSource.h */ = {isa = PBXFileReference; fileEncoding = 4; lastKnownFileType = sourcecode.c.h; path = ArrayDataSource.h; sourceTree = "<group>"; };
		F01F7CDC1A8A112000CB42FE /* ArrayDataSource.m */ = {isa = PBXFileReference; fileEncoding = 4; lastKnownFileType = sourcecode.c.objc; path = ArrayDataSource.m; sourceTree = "<group>"; };
		F0EA9DD01A8B022200C7CD79 /* Store.h */ = {isa = PBXFileReference; fileEncoding = 4; lastKnownFileType = sourcecode.c.h; path = Store.h; sourceTree = "<group>"; };
		F0EA9DD11A8B022200C7CD79 /* Store.m */ = {isa = PBXFileReference; fileEncoding = 4; lastKnownFileType = sourcecode.c.objc; path = Store.m; sourceTree = "<group>"; };
		F0EA9DD31A8B02C600C7CD79 /* photodata.bin */ = {isa = PBXFileReference; lastKnownFileType = archive.macbinary; path = photodata.bin; sourceTree = "<group>"; };
		F0EA9DD51A8B0A2B00C7CD79 /* Photo.h */ = {isa = PBXFileReference; fileEncoding = 4; lastKnownFileType = sourcecode.c.h; path = Photo.h; sourceTree = "<group>"; };
		F0EA9DD61A8B0A2B00C7CD79 /* Photo.m */ = {isa = PBXFileReference; fileEncoding = 4; lastKnownFileType = sourcecode.c.objc; path = Photo.m; sourceTree = "<group>"; };
		F0EA9DD81A8B0AC400C7CD79 /* User.h */ = {isa = PBXFileReference; fileEncoding = 4; lastKnownFileType = sourcecode.c.h; path = User.h; sourceTree = "<group>"; };
		F0EA9DD91A8B0AC400C7CD79 /* User.m */ = {isa = PBXFileReference; fileEncoding = 4; lastKnownFileType = sourcecode.c.objc; path = User.m; sourceTree = "<group>"; };
		F0F491A71A8C7FDB00A079BA /* PhotoCell.h */ = {isa = PBXFileReference; fileEncoding = 4; lastKnownFileType = sourcecode.c.h; path = PhotoCell.h; sourceTree = "<group>"; };
		F0F491A81A8C7FDB00A079BA /* PhotoCell.m */ = {isa = PBXFileReference; fileEncoding = 4; lastKnownFileType = sourcecode.c.objc; path = PhotoCell.m; sourceTree = "<group>"; };
		F0F491AA1A8C825D00A079BA /* PhotoCell+ConfigureForPhoto.h */ = {isa = PBXFileReference; fileEncoding = 4; lastKnownFileType = sourcecode.c.h; path = "PhotoCell+ConfigureForPhoto.h"; sourceTree = "<group>"; };
		F0F491AB1A8C825D00A079BA /* PhotoCell+ConfigureForPhoto.m */ = {isa = PBXFileReference; fileEncoding = 4; lastKnownFileType = sourcecode.c.objc; path = "PhotoCell+ConfigureForPhoto.m"; sourceTree = "<group>"; };
/* End PBXFileReference section */

/* Begin PBXFrameworksBuildPhase section */
		F01F7CAB1A89F11600CB42FE /* Frameworks */ = {
			isa = PBXFrameworksBuildPhase;
			buildActionMask = 2147483647;
			files = (
			);
			runOnlyForDeploymentPostprocessing = 0;
		};
		F01F7CC41A89F11700CB42FE /* Frameworks */ = {
			isa = PBXFrameworksBuildPhase;
			buildActionMask = 2147483647;
			files = (
			);
			runOnlyForDeploymentPostprocessing = 0;
		};
/* End PBXFrameworksBuildPhase section */

/* Begin PBXGroup section */
		F01F7CA51A89F11600CB42FE = {
			isa = PBXGroup;
			children = (
				F01F7CB01A89F11600CB42FE /* YHPhotoData */,
				F01F7CCA1A89F11700CB42FE /* YHPhotoDataTests */,
				F01F7CAF1A89F11600CB42FE /* Products */,
			);
			sourceTree = "<group>";
		};
		F01F7CAF1A89F11600CB42FE /* Products */ = {
			isa = PBXGroup;
			children = (
				F01F7CAE1A89F11600CB42FE /* YHPhotoData.app */,
				F01F7CC71A89F11700CB42FE /* YHPhotoDataTests.xctest */,
			);
			name = Products;
			sourceTree = "<group>";
		};
		F01F7CB01A89F11600CB42FE /* YHPhotoData */ = {
			isa = PBXGroup;
			children = (
				F01F7CB51A89F11700CB42FE /* AppDelegate.h */,
				F01F7CB61A89F11700CB42FE /* AppDelegate.m */,
				F01F7CD81A89FAFB00CB42FE /* PhotosViewController.h */,
				F01F7CD91A89FAFB00CB42FE /* PhotosViewController.m */,
				F0EA9DD31A8B02C600C7CD79 /* photodata.bin */,
				F0EA9DD01A8B022200C7CD79 /* Store.h */,
				F0EA9DD11A8B022200C7CD79 /* Store.m */,
				F0EA9DD51A8B0A2B00C7CD79 /* Photo.h */,
				F0EA9DD61A8B0A2B00C7CD79 /* Photo.m */,
				F0EA9DD81A8B0AC400C7CD79 /* User.h */,
				F0EA9DD91A8B0AC400C7CD79 /* User.m */,
				F01F7CDB1A8A112000CB42FE /* ArrayDataSource.h */,
				F01F7CDC1A8A112000CB42FE /* ArrayDataSource.m */,
				F0F491A71A8C7FDB00A079BA /* PhotoCell.h */,
				F0F491A81A8C7FDB00A079BA /* PhotoCell.m */,
				F0F491AA1A8C825D00A079BA /* PhotoCell+ConfigureForPhoto.h */,
				F0F491AB1A8C825D00A079BA /* PhotoCell+ConfigureForPhoto.m */,
				F01F7CBE1A89F11700CB42FE /* Images.xcassets */,
				F01F7CB11A89F11600CB42FE /* Supporting Files */,
			);
			path = YHPhotoData;
			sourceTree = "<group>";
		};
		F01F7CB11A89F11600CB42FE /* Supporting Files */ = {
			isa = PBXGroup;
			children = (
				F01F7CB21A89F11700CB42FE /* Info.plist */,
				F01F7CB31A89F11700CB42FE /* main.m */,
			);
			name = "Supporting Files";
			sourceTree = "<group>";
		};
		F01F7CCA1A89F11700CB42FE /* YHPhotoDataTests */ = {
			isa = PBXGroup;
			children = (
				F01F7CCD1A89F11700CB42FE /* YHPhotoDataTests.m */,
				F01F7CCB1A89F11700CB42FE /* Supporting Files */,
			);
			path = YHPhotoDataTests;
			sourceTree = "<group>";
		};
		F01F7CCB1A89F11700CB42FE /* Supporting Files */ = {
			isa = PBXGroup;
			children = (
				F01F7CCC1A89F11700CB42FE /* Info.plist */,
			);
			name = "Supporting Files";
			sourceTree = "<group>";
		};
/* End PBXGroup section */

/* Begin PBXNativeTarget section */
		F01F7CAD1A89F11600CB42FE /* YHPhotoData */ = {
			isa = PBXNativeTarget;
			buildConfigurationList = F01F7CD11A89F11700CB42FE /* Build configuration list for PBXNativeTarget "YHPhotoData" */;
			buildPhases = (
				F01F7CAA1A89F11600CB42FE /* Sources */,
				F01F7CAB1A89F11600CB42FE /* Frameworks */,
				F01F7CAC1A89F11600CB42FE /* Resources */,
			);
			buildRules = (
			);
			dependencies = (
			);
			name = YHPhotoData;
			productName = YHPhotoData;
			productReference = F01F7CAE1A89F11600CB42FE /* YHPhotoData.app */;
			productType = "com.apple.product-type.application";
		};
		F01F7CC61A89F11700CB42FE /* YHPhotoDataTests */ = {
			isa = PBXNativeTarget;
			buildConfigurationList = F01F7CD41A89F11700CB42FE /* Build configuration list for PBXNativeTarget "YHPhotoDataTests" */;
			buildPhases = (
				F01F7CC31A89F11700CB42FE /* Sources */,
				F01F7CC41A89F11700CB42FE /* Frameworks */,
				F01F7CC51A89F11700CB42FE /* Resources */,
			);
			buildRules = (
			);
			dependencies = (
				F01F7CC91A89F11700CB42FE /* PBXTargetDependency */,
			);
			name = YHPhotoDataTests;
			productName = YHPhotoDataTests;
			productReference = F01F7CC71A89F11700CB42FE /* YHPhotoDataTests.xctest */;
			productType = "com.apple.product-type.bundle.unit-test";
		};
/* End PBXNativeTarget section */

/* Begin PBXProject section */
		F01F7CA61A89F11600CB42FE /* Project object */ = {
			isa = PBXProject;
			attributes = {
				LastUpgradeCheck = 0610;
				ORGANIZATIONNAME = "Andy Huang";
				TargetAttributes = {
					F01F7CAD1A89F11600CB42FE = {
						CreatedOnToolsVersion = 6.1.1;
					};
					F01F7CC61A89F11700CB42FE = {
						CreatedOnToolsVersion = 6.1.1;
						TestTargetID = F01F7CAD1A89F11600CB42FE;
					};
				};
			};
			buildConfigurationList = F01F7CA91A89F11600CB42FE /* Build configuration list for PBXProject "YHPhotoData" */;
			compatibilityVersion = "Xcode 3.2";
			developmentRegion = English;
			hasScannedForEncodings = 0;
			knownRegions = (
				en,
				Base,
			);
			mainGroup = F01F7CA51A89F11600CB42FE;
			productRefGroup = F01F7CAF1A89F11600CB42FE /* Products */;
			projectDirPath = "";
			projectRoot = "";
			targets = (
				F01F7CAD1A89F11600CB42FE /* YHPhotoData */,
				F01F7CC61A89F11700CB42FE /* YHPhotoDataTests */,
			);
		};
/* End PBXProject section */

/* Begin PBXResourcesBuildPhase section */
		F01F7CAC1A89F11600CB42FE /* Resources */ = {
			isa = PBXResourcesBuildPhase;
			buildActionMask = 2147483647;
			files = (
				F0EA9DD41A8B02C600C7CD79 /* photodata.bin in Resources */,
				F01F7CBF1A89F11700CB42FE /* Images.xcassets in Resources */,
			);
			runOnlyForDeploymentPostprocessing = 0;
		};
		F01F7CC51A89F11700CB42FE /* Resources */ = {
			isa = PBXResourcesBuildPhase;
			buildActionMask = 2147483647;
			files = (
			);
			runOnlyForDeploymentPostprocessing = 0;
		};
/* End PBXResourcesBuildPhase section */

/* Begin PBXSourcesBuildPhase section */
		F01F7CAA1A89F11600CB42FE /* Sources */ = {
			isa = PBXSourcesBuildPhase;
			buildActionMask = 2147483647;
			files = (
				F0F491A91A8C7FDB00A079BA /* PhotoCell.m in Sources */,
				F0EA9DD71A8B0A2B00C7CD79 /* Photo.m in Sources */,
				F0EA9DDA1A8B0AC400C7CD79 /* User.m in Sources */,
				F0F491AC1A8C825D00A079BA /* PhotoCell+ConfigureForPhoto.m in Sources */,
				F01F7CB71A89F11700CB42FE /* AppDelegate.m in Sources */,
				F01F7CDA1A89FAFB00CB42FE /* PhotosViewController.m in Sources */,
				F01F7CDD1A8A112000CB42FE /* ArrayDataSource.m in Sources */,
				F0EA9DD21A8B022200C7CD79 /* Store.m in Sources */,
				F01F7CB41A89F11700CB42FE /* main.m in Sources */,
			);
			runOnlyForDeploymentPostprocessing = 0;
		};
		F01F7CC31A89F11700CB42FE /* Sources */ = {
			isa = PBXSourcesBuildPhase;
			buildActionMask = 2147483647;
			files = (
				F01F7CCE1A89F11700CB42FE /* YHPhotoDataTests.m in Sources */,
			);
			runOnlyForDeploymentPostprocessing = 0;
		};
/* End PBXSourcesBuildPhase section */

/* Begin PBXTargetDependency section */
		F01F7CC91A89F11700CB42FE /* PBXTargetDependency */ = {
			isa = PBXTargetDependency;
			target = F01F7CAD1A89F11600CB42FE /* YHPhotoData */;
			targetProxy = F01F7CC81A89F11700CB42FE /* PBXContainerItemProxy */;
		};
/* End PBXTargetDependency section */

/* Begin XCBuildConfiguration section */
		F01F7CCF1A89F11700CB42FE /* Debug */ = {
			isa = XCBuildConfiguration;
			buildSettings = {
				ALWAYS_SEARCH_USER_PATHS = NO;
				CLANG_CXX_LANGUAGE_STANDARD = "gnu++0x";
				CLANG_CXX_LIBRARY = "libc++";
				CLANG_ENABLE_MODULES = YES;
				CLANG_ENABLE_OBJC_ARC = YES;
				CLANG_WARN_BOOL_CONVERSION = YES;
				CLANG_WARN_CONSTANT_CONVERSION = YES;
				CLANG_WARN_DIRECT_OBJC_ISA_USAGE = YES_ERROR;
				CLANG_WARN_EMPTY_BODY = YES;
				CLANG_WARN_ENUM_CONVERSION = YES;
				CLANG_WARN_INT_CONVERSION = YES;
				CLANG_WARN_OBJC_ROOT_CLASS = YES_ERROR;
				CLANG_WARN_UNREACHABLE_CODE = YES;
				CLANG_WARN__DUPLICATE_METHOD_MATCH = YES;
				"CODE_SIGN_IDENTITY[sdk=iphoneos*]" = "iPhone Developer";
				COPY_PHASE_STRIP = NO;
				ENABLE_STRICT_OBJC_MSGSEND = YES;
				GCC_C_LANGUAGE_STANDARD = gnu99;
				GCC_DYNAMIC_NO_PIC = NO;
				GCC_OPTIMIZATION_LEVEL = 0;
				GCC_PREPROCESSOR_DEFINITIONS = (
					"DEBUG=1",
					"$(inherited)",
				);
				GCC_SYMBOLS_PRIVATE_EXTERN = NO;
				GCC_WARN_64_TO_32_BIT_CONVERSION = YES;
				GCC_WARN_ABOUT_RETURN_TYPE = YES_ERROR;
				GCC_WARN_UNDECLARED_SELECTOR = YES;
				GCC_WARN_UNINITIALIZED_AUTOS = YES_AGGRESSIVE;
				GCC_WARN_UNUSED_FUNCTION = YES;
				GCC_WARN_UNUSED_VARIABLE = YES;
				IPHONEOS_DEPLOYMENT_TARGET = 8.1;
				MTL_ENABLE_DEBUG_INFO = YES;
				ONLY_ACTIVE_ARCH = YES;
				SDKROOT = iphoneos;
			};
			name = Debug;
		};
		F01F7CD01A89F11700CB42FE /* Release */ = {
			isa = XCBuildConfiguration;
			buildSettings = {
				ALWAYS_SEARCH_USER_PATHS = NO;
				CLANG_CXX_LANGUAGE_STANDARD = "gnu++0x";
				CLANG_CXX_LIBRARY = "libc++";
				CLANG_ENABLE_MODULES = YES;
				CLANG_ENABLE_OBJC_ARC = YES;
				CLANG_WARN_BOOL_CONVERSION = YES;
				CLANG_WARN_CONSTANT_CONVERSION = YES;
				CLANG_WARN_DIRECT_OBJC_ISA_USAGE = YES_ERROR;
				CLANG_WARN_EMPTY_BODY = YES;
				CLANG_WARN_ENUM_CONVERSION = YES;
				CLANG_WARN_INT_CONVERSION = YES;
				CLANG_WARN_OBJC_ROOT_CLASS = YES_ERROR;
				CLANG_WARN_UNREACHABLE_CODE = YES;
				CLANG_WARN__DUPLICATE_METHOD_MATCH = YES;
				"CODE_SIGN_IDENTITY[sdk=iphoneos*]" = "iPhone Developer";
				COPY_PHASE_STRIP = YES;
				ENABLE_NS_ASSERTIONS = NO;
				ENABLE_STRICT_OBJC_MSGSEND = YES;
				GCC_C_LANGUAGE_STANDARD = gnu99;
				GCC_WARN_64_TO_32_BIT_CONVERSION = YES;
				GCC_WARN_ABOUT_RETURN_TYPE = YES_ERROR;
				GCC_WARN_UNDECLARED_SELECTOR = YES;
				GCC_WARN_UNINITIALIZED_AUTOS = YES_AGGRESSIVE;
				GCC_WARN_UNUSED_FUNCTION = YES;
				GCC_WARN_UNUSED_VARIABLE = YES;
				IPHONEOS_DEPLOYMENT_TARGET = 8.1;
				MTL_ENABLE_DEBUG_INFO = NO;
				SDKROOT = iphoneos;
				VALIDATE_PRODUCT = YES;
			};
			name = Release;
		};
		F01F7CD21A89F11700CB42FE /* Debug */ = {
			isa = XCBuildConfiguration;
			buildSettings = {
				ASSETCATALOG_COMPILER_APPICON_NAME = AppIcon;
				ASSETCATALOG_COMPILER_LAUNCHIMAGE_NAME = LaunchImage;
				INFOPLIST_FILE = YHPhotoData/Info.plist;
				IPHONEOS_DEPLOYMENT_TARGET = 7.0;
				LD_RUNPATH_SEARCH_PATHS = "$(inherited) @executable_path/Frameworks";
				PRODUCT_NAME = "$(TARGET_NAME)";
			};
			name = Debug;
		};
		F01F7CD31A89F11700CB42FE /* Release */ = {
			isa = XCBuildConfiguration;
			buildSettings = {
				ASSETCATALOG_COMPILER_APPICON_NAME = AppIcon;
				ASSETCATALOG_COMPILER_LAUNCHIMAGE_NAME = LaunchImage;
				INFOPLIST_FILE = YHPhotoData/Info.plist;
				IPHONEOS_DEPLOYMENT_TARGET = 7.0;
				LD_RUNPATH_SEARCH_PATHS = "$(inherited) @executable_path/Frameworks";
				PRODUCT_NAME = "$(TARGET_NAME)";
			};
			name = Release;
		};
		F01F7CD51A89F11700CB42FE /* Debug */ = {
			isa = XCBuildConfiguration;
			buildSettings = {
				BUNDLE_LOADER = "$(TEST_HOST)";
				FRAMEWORK_SEARCH_PATHS = (
					"$(SDKROOT)/Developer/Library/Frameworks",
					"$(inherited)",
				);
				GCC_PREPROCESSOR_DEFINITIONS = (
					"DEBUG=1",
					"$(inherited)",
				);
				INFOPLIST_FILE = YHPhotoDataTests/Info.plist;
				LD_RUNPATH_SEARCH_PATHS = "$(inherited) @executable_path/Frameworks @loader_path/Frameworks";
				PRODUCT_NAME = "$(TARGET_NAME)";
				TEST_HOST = "$(BUILT_PRODUCTS_DIR)/YHPhotoData.app/YHPhotoData";
			};
			name = Debug;
		};
		F01F7CD61A89F11700CB42FE /* Release */ = {
			isa = XCBuildConfiguration;
			buildSettings = {
				BUNDLE_LOADER = "$(TEST_HOST)";
				FRAMEWORK_SEARCH_PATHS = (
					"$(SDKROOT)/Developer/Library/Frameworks",
					"$(inherited)",
				);
				INFOPLIST_FILE = YHPhotoDataTests/Info.plist;
				LD_RUNPATH_SEARCH_PATHS = "$(inherited) @executable_path/Frameworks @loader_path/Frameworks";
				PRODUCT_NAME = "$(TARGET_NAME)";
				TEST_HOST = "$(BUILT_PRODUCTS_DIR)/YHPhotoData.app/YHPhotoData";
			};
			name = Release;
		};
/* End XCBuildConfiguration section */

/* Begin XCConfigurationList section */
		F01F7CA91A89F11600CB42FE /* Build configuration list for PBXProject "YHPhotoData" */ = {
			isa = XCConfigurationList;
			buildConfigurations = (
				F01F7CCF1A89F11700CB42FE /* Debug */,
				F01F7CD01A89F11700CB42FE /* Release */,
			);
			defaultConfigurationIsVisible = 0;
			defaultConfigurationName = Release;
		};
		F01F7CD11A89F11700CB42FE /* Build configuration list for PBXNativeTarget "YHPhotoData" */ = {
			isa = XCConfigurationList;
			buildConfigurations = (
				F01F7CD21A89F11700CB42FE /* Debug */,
				F01F7CD31A89F11700CB42FE /* Release */,
			);
			defaultConfigurationIsVisible = 0;
			defaultConfigurationName = Release;
		};
		F01F7CD41A89F11700CB42FE /* Build configuration list for PBXNativeTarget "YHPhotoDataTests" */ = {
			isa = XCConfigurationList;
			buildConfigurations = (
				F01F7CD51A89F11700CB42FE /* Debug */,
				F01F7CD61A89F11700CB42FE /* Release */,
			);
			defaultConfigurationIsVisible = 0;
			defaultConfigurationName = Release;
		};
/* End XCConfigurationList section */
	};
	rootObject = F01F7CA61A89F11600CB42FE /* Project object */;
}
